
Microsoft Visual Studio Solution File, Format Version 12.00
Project("{2150E333-8FDC-42A3-9474-1A3956D46DE8}") = "BuildingBlocks", "BuildingBlocks", "{3A07C8CD-D4E8-4D6B-A975-B0AA4413CE60}"
EndProject
Project("{2150E333-8FDC-42A3-9474-1A3956D46DE8}") = "Appllication", "Appllication", "{DEC0336A-74DC-454A-89B5-C5F6A7D3DF46}"
EndProject
Project("{2150E333-8FDC-42A3-9474-1A3956D46DE8}") = "Domain", "Domain", "{D77DC3BB-BDB9-4C9D-A952-6996775FBF53}"
EndProject
Project("{2150E333-8FDC-42A3-9474-1A3956D46DE8}") = "Infrastructure", "Infrastructure", "{EB6F004B-FC2D-4324-97AC-34381AF03EF5}"
EndProject
Project("{2150E333-8FDC-42A3-9474-1A3956D46DE8}") = "Modules", "Modules", "{40C6BE66-CFCE-4265-BDF0-8BB006884F43}"
EndProject
Project("{2150E333-8FDC-42A3-9474-1A3956D46DE8}") = "Tests", "Tests", "{3B1CA7B5-CC75-4AF5-81A4-377C5020EBEB}"
EndProject
Project("{2150E333-8FDC-42A3-9474-1A3956D46DE8}") = "Identity", "Identity", "{87C2B8CA-B290-421C-8B73-667CBE1F077E}"
EndProject
Project("{2150E333-8FDC-42A3-9474-1A3956D46DE8}") = "ArchitectureTests", "ArchitectureTests", "{8839C557-0A26-4ED0-951C-1D07CF83B1EA}"
EndProject
Project("{FAE04EC0-301F-11D3-BF4B-00C04F79EFBC}") = "WebApi", "WebApi\WebApi.csproj", "{113D5AE7-FEA4-461A-8626-84C435C0CD78}"
EndProject
Global
	GlobalSection(SolutionConfigurationPlatforms) = preSolution
		Debug|Any CPU = Debug|Any CPU
		Release|Any CPU = Release|Any CPU
	EndGlobalSection
	GlobalSection(NestedProjects) = preSolution
		{DEC0336A-74DC-454A-89B5-C5F6A7D3DF46} = {3A07C8CD-D4E8-4D6B-A975-B0AA4413CE60}
		{D77DC3BB-BDB9-4C9D-A952-6996775FBF53} = {3A07C8CD-D4E8-4D6B-A975-B0AA4413CE60}
		{EB6F004B-FC2D-4324-97AC-34381AF03EF5} = {3A07C8CD-D4E8-4D6B-A975-B0AA4413CE60}
		{87C2B8CA-B290-421C-8B73-667CBE1F077E} = {40C6BE66-CFCE-4265-BDF0-8BB006884F43}
		{8839C557-0A26-4ED0-951C-1D07CF83B1EA} = {3B1CA7B5-CC75-4AF5-81A4-377C5020EBEB}
	EndGlobalSection
	GlobalSection(ProjectConfigurationPlatforms) = postSolution
		{113D5AE7-FEA4-461A-8626-84C435C0CD78}.Debug|Any CPU.ActiveCfg = Debug|Any CPU
		{113D5AE7-FEA4-461A-8626-84C435C0CD78}.Debug|Any CPU.Build.0 = Debug|Any CPU
		{113D5AE7-FEA4-461A-8626-84C435C0CD78}.Release|Any CPU.ActiveCfg = Release|Any CPU
		{113D5AE7-FEA4-461A-8626-84C435C0CD78}.Release|Any CPU.Build.0 = Release|Any CPU
	EndGlobalSection
EndGlobal
